github.com/yu-org/yu v0.0.0-20240801024016-16d4716b501d h1:+KsTotYssdO3zrvNoRtRAOd0uni1/UGgqSt5RruEK3Y=
github.com/yu-org/yu v0.0.0-20240801024016-16d4716b501d/go.mod h1:WBUP1KQR60y8qx5eA974Kn6X1Ckq28tbx7s36i16FI0=
github.com/yu-org/yu v0.0.0-20240809080918-60ba4a2161fa h1:pek3vTYJBkRHQiA8/DHy4v9psTpw5ORwT3drXQWVQWM=
github.com/yu-org/yu v0.0.0-20240809080918-60ba4a2161fa/go.mod h1:WBUP1KQR60y8qx5eA974Kn6X1Ckq28tbx7s36i16FI0=
